
Microsoft Visual Studio Solution File, Format Version 12.00
# Visual Studio 15
VisualStudioVersion = 15.0.26124.0
MinimumVisualStudioVersion = 15.0.26124.0
Project("{FAE04EC0-301F-11D3-BF4B-00C04F79EFBC}") = "ProAgil.API", "ProAgil.API\ProAgil.API.csproj", "{D35481C3-3B4E-485C-8FBF-88564D2E2B2A}"
EndProject
Project("{FAE04EC0-301F-11D3-BF4B-00C04F79EFBC}") = "ProAgil.Repository", "ProAgil.Repository\ProAgil.Repository.csproj", "{C82F5FD4-A69E-4CA2-BD10-E62FD8A0D3A3}"
EndProject
Project("{FAE04EC0-301F-11D3-BF4B-00C04F79EFBC}") = "ProAgil.Domain", "ProAgil.Domain\ProAgil.Domain.csproj", "{0886072D-A5B7-48DC-8222-5AA0F0AA3917}"
EndProject
Global
	GlobalSection(SolutionConfigurationPlatforms) = preSolution
		Debug|Any CPU = Debug|Any CPU
		Debug|x64 = Debug|x64
		Debug|x86 = Debug|x86
		Release|Any CPU = Release|Any CPU
		Release|x64 = Release|x64
		Release|x86 = Release|x86
	EndGlobalSection
	GlobalSection(SolutionProperties) = preSolution
		HideSolutionNode = FALSE
	EndGlobalSection
	GlobalSection(ProjectConfigurationPlatforms) = postSolution
		{D35481C3-3B4E-485C-8FBF-88564D2E2B2A}.Debug|Any CPU.ActiveCfg = Debug|Any CPU
		{D35481C3-3B4E-485C-8FBF-88564D2E2B2A}.Debug|Any CPU.Build.0 = Debug|Any CPU
		{D35481C3-3B4E-485C-8FBF-88564D2E2B2A}.Debug|x64.ActiveCfg = Debug|Any CPU
		{D35481C3-3B4E-485C-8FBF-88564D2E2B2A}.Debug|x64.Build.0 = Debug|Any CPU
		{D35481C3-3B4E-485C-8FBF-88564D2E2B2A}.Debug|x86.ActiveCfg = Debug|Any CPU
		{D35481C3-3B4E-485C-8FBF-88564D2E2B2A}.Debug|x86.Build.0 = Debug|Any CPU
		{D35481C3-3B4E-485C-8FBF-88564D2E2B2A}.Release|Any CPU.ActiveCfg = Release|Any CPU
		{D35481C3-3B4E-485C-8FBF-88564D2E2B2A}.Release|Any CPU.Build.0 = Release|Any CPU
		{D35481C3-3B4E-485C-8FBF-88564D2E2B2A}.Release|x64.ActiveCfg = Release|Any CPU
		{D35481C3-3B4E-485C-8FBF-88564D2E2B2A}.Release|x64.Build.0 = Release|Any CPU
		{D35481C3-3B4E-485C-8FBF-88564D2E2B2A}.Release|x86.ActiveCfg = Release|Any CPU
		{D35481C3-3B4E-485C-8FBF-88564D2E2B2A}.Release|x86.Build.0 = Release|Any CPU
		{C82F5FD4-A69E-4CA2-BD10-E62FD8A0D3A3}.Debug|Any CPU.ActiveCfg = Debug|Any CPU
		{C82F5FD4-A69E-4CA2-BD10-E62FD8A0D3A3}.Debug|Any CPU.Build.0 = Debug|Any CPU
		{C82F5FD4-A69E-4CA2-BD10-E62FD8A0D3A3}.Debug|x64.ActiveCfg = Debug|Any CPU
		{C82F5FD4-A69E-4CA2-BD10-E62FD8A0D3A3}.Debug|x64.Build.0 = Debug|Any CPU
		{C82F5FD4-A69E-4CA2-BD10-E62FD8A0D3A3}.Debug|x86.ActiveCfg = Debug|Any CPU
		{C82F5FD4-A69E-4CA2-BD10-E62FD8A0D3A3}.Debug|x86.Build.0 = Debug|Any CPU
		{C82F5FD4-A69E-4CA2-BD10-E62FD8A0D3A3}.Release|Any CPU.ActiveCfg = Release|Any CPU
		{C82F5FD4-A69E-4CA2-BD10-E62FD8A0D3A3}.Release|Any CPU.Build.0 = Release|Any CPU
		{C82F5FD4-A69E-4CA2-BD10-E62FD8A0D3A3}.Release|x64.ActiveCfg = Release|Any CPU
		{C82F5FD4-A69E-4CA2-BD10-E62FD8A0D3A3}.Release|x64.Build.0 = Release|Any CPU
		{C82F5FD4-A69E-4CA2-BD10-E62FD8A0D3A3}.Release|x86.ActiveCfg = Release|Any CPU
		{C82F5FD4-A69E-4CA2-BD10-E62FD8A0D3A3}.Release|x86.Build.0 = Release|Any CPU
		{0886072D-A5B7-48DC-8222-5AA0F0AA3917}.Debug|Any CPU.ActiveCfg = Debug|Any CPU
		{0886072D-A5B7-48DC-8222-5AA0F0AA3917}.Debug|Any CPU.Build.0 = Debug|Any CPU
		{0886072D-A5B7-48DC-8222-5AA0F0AA3917}.Debug|x64.ActiveCfg = Debug|Any CPU
		{0886072D-A5B7-48DC-8222-5AA0F0AA3917}.Debug|x64.Build.0 = Debug|Any CPU
		{0886072D-A5B7-48DC-8222-5AA0F0AA3917}.Debug|x86.ActiveCfg = Debug|Any CPU
		{0886072D-A5B7-48DC-8222-5AA0F0AA3917}.Debug|x86.Build.0 = Debug|Any CPU
		{0886072D-A5B7-48DC-8222-5AA0F0AA3917}.Release|Any CPU.ActiveCfg = Release|Any CPU
		{0886072D-A5B7-48DC-8222-5AA0F0AA3917}.Release|Any CPU.Build.0 = Release|Any CPU
		{0886072D-A5B7-48DC-8222-5AA0F0AA3917}.Release|x64.ActiveCfg = Release|Any CPU
		{0886072D-A5B7-48DC-8222-5AA0F0AA3917}.Release|x64.Build.0 = Release|Any CPU
		{0886072D-A5B7-48DC-8222-5AA0F0AA3917}.Release|x86.ActiveCfg = Release|Any CPU
		{0886072D-A5B7-48DC-8222-5AA0F0AA3917}.Release|x86.Build.0 = Release|Any CPU
	EndGlobalSection
EndGlobal
